
Microsoft Visual Studio Solution File, Format Version 12.00
Project("{FAE04EC0-301F-11D3-BF4B-00C04F79EFBC}") = "MiniBank.Web", "MiniBank.Web\MiniBank.Web.csproj", "{EB05FD57-F148-49A4-8208-C765F44F3A68}"
EndProject
Project("{FAE04EC0-301F-11D3-BF4B-00C04F79EFBC}") = "MiniBank.Core", "MiniBank.Core\MiniBank.Core.csproj", "{5198C169-23BE-4638-9FB5-9F80F0BC163E}"
EndProject
Project("{FAE04EC0-301F-11D3-BF4B-00C04F79EFBC}") = "MiniBank.Data", "MiniBank.Data\MiniBank.Data.csproj", "{2E4A1BCA-E589-4827-9259-5D72A4EE4F39}"
EndProject
Project("{2150E333-8FDC-42A3-9474-1A3956D46DE8}") = "tests", "tests", "{8061DD72-3044-40FD-996F-DDA14DCF63CE}"
EndProject
Project("{2150E333-8FDC-42A3-9474-1A3956D46DE8}") = "src", "src", "{15DA799C-FF8B-4A2E-8D6E-5808AA7E64E3}"
EndProject
Project("{FAE04EC0-301F-11D3-BF4B-00C04F79EFBC}") = "MiniBank.Core.Tests", "tests\MiniBank.Core.Tests\MiniBank.Core.Tests.csproj", "{8763F434-FCB0-4DFC-A2EC-5ABD189D45AB}"
EndProject
Global
	GlobalSection(SolutionConfigurationPlatforms) = preSolution
		Debug|Any CPU = Debug|Any CPU
		Release|Any CPU = Release|Any CPU
	EndGlobalSection
	GlobalSection(ProjectConfigurationPlatforms) = postSolution
		{EB05FD57-F148-49A4-8208-C765F44F3A68}.Debug|Any CPU.ActiveCfg = Debug|Any CPU
		{EB05FD57-F148-49A4-8208-C765F44F3A68}.Debug|Any CPU.Build.0 = Debug|Any CPU
		{EB05FD57-F148-49A4-8208-C765F44F3A68}.Release|Any CPU.ActiveCfg = Release|Any CPU
		{EB05FD57-F148-49A4-8208-C765F44F3A68}.Release|Any CPU.Build.0 = Release|Any CPU
		{5198C169-23BE-4638-9FB5-9F80F0BC163E}.Debug|Any CPU.ActiveCfg = Debug|Any CPU
		{5198C169-23BE-4638-9FB5-9F80F0BC163E}.Debug|Any CPU.Build.0 = Debug|Any CPU
		{5198C169-23BE-4638-9FB5-9F80F0BC163E}.Release|Any CPU.ActiveCfg = Release|Any CPU
		{5198C169-23BE-4638-9FB5-9F80F0BC163E}.Release|Any CPU.Build.0 = Release|Any CPU
		{2E4A1BCA-E589-4827-9259-5D72A4EE4F39}.Debug|Any CPU.ActiveCfg = Debug|Any CPU
		{2E4A1BCA-E589-4827-9259-5D72A4EE4F39}.Debug|Any CPU.Build.0 = Debug|Any CPU
		{2E4A1BCA-E589-4827-9259-5D72A4EE4F39}.Release|Any CPU.ActiveCfg = Release|Any CPU
		{2E4A1BCA-E589-4827-9259-5D72A4EE4F39}.Release|Any CPU.Build.0 = Release|Any CPU
		{8763F434-FCB0-4DFC-A2EC-5ABD189D45AB}.Debug|Any CPU.ActiveCfg = Debug|Any CPU
		{8763F434-FCB0-4DFC-A2EC-5ABD189D45AB}.Debug|Any CPU.Build.0 = Debug|Any CPU
		{8763F434-FCB0-4DFC-A2EC-5ABD189D45AB}.Release|Any CPU.ActiveCfg = Release|Any CPU
		{8763F434-FCB0-4DFC-A2EC-5ABD189D45AB}.Release|Any CPU.Build.0 = Release|Any CPU
	EndGlobalSection
	GlobalSection(NestedProjects) = preSolution
		{5198C169-23BE-4638-9FB5-9F80F0BC163E} = {15DA799C-FF8B-4A2E-8D6E-5808AA7E64E3}
		{2E4A1BCA-E589-4827-9259-5D72A4EE4F39} = {15DA799C-FF8B-4A2E-8D6E-5808AA7E64E3}
		{EB05FD57-F148-49A4-8208-C765F44F3A68} = {15DA799C-FF8B-4A2E-8D6E-5808AA7E64E3}
		{8763F434-FCB0-4DFC-A2EC-5ABD189D45AB} = {8061DD72-3044-40FD-996F-DDA14DCF63CE}
		{8061DD72-3044-40FD-996F-DDA14DCF63CE} = {15DA799C-FF8B-4A2E-8D6E-5808AA7E64E3}
	EndGlobalSection
EndGlobal
